{
  "originHash" : "c24fcbc2f8e8e29c98d3fd699ac6b655952b1de396813af5df3db45afb7c8907",
  "pins" : [
    {
      "identity" : "libretranslate",
      "kind" : "remoteSourceControl",
      "location" : "https://github.com/wacumov/libretranslate.git",
      "state" : {
        "revision" : "16c4f108a589089dc5a247d5047bd216638c1f68",
        "version" : "0.2.0"
      }
    },
    {
      "identity" : "sqlite.swift",
      "kind" : "remoteSourceControl",
      "location" : "https://github.com/stephencelis/SQLite.swift.git",
      "state" : {
        "revision" : "a95fc6df17d108bd99210db5e8a9bac90fe984b8",
        "version" : "0.15.3"
      }
    },
    {
      "identity" : "tocropviewcontroller",
      "kind" : "remoteSourceControl",
      "location" : "https://github.com/TimOliver/TOCropViewController.git",
      "state" : {
        "revision" : "a634cb7cdfd580006e79a6e74e64417fe9e9783b",
        "version" : "2.7.4"
      }
    }
  ],
  "version" : 3
}
